
Microsoft Visual Studio Solution File, Format Version 12.00
# Visual Studio 15
VisualStudioVersion = 15.0.28010.2048
MinimumVisualStudioVersion = 10.0.40219.1
Project("{FAE04EC0-301F-11D3-BF4B-00C04F79EFBC}") = "duelfighteronline", "duelfighteronline\duelfighteronline.csproj", "{7EC0C6A8-B23A-4580-8C02-2077475DF201}"
EndProject
Project("{FAE04EC0-301F-11D3-BF4B-00C04F79EFBC}") = "duelfighteronline.Tests", "duelfighteronline.Tests\duelfighteronline.Tests.csproj", "{8CF815D3-23FE-4F7B-AF5C-EE346B34DFD2}"
EndProject
Global
	GlobalSection(SolutionConfigurationPlatforms) = preSolution
		Debug|Any CPU = Debug|Any CPU
		Release|Any CPU = Release|Any CPU
	EndGlobalSection
	GlobalSection(ProjectConfigurationPlatforms) = postSolution
		{7EC0C6A8-B23A-4580-8C02-2077475DF201}.Debug|Any CPU.ActiveCfg = Debug|Any CPU
		{7EC0C6A8-B23A-4580-8C02-2077475DF201}.Debug|Any CPU.Build.0 = Debug|Any CPU
		{7EC0C6A8-B23A-4580-8C02-2077475DF201}.Release|Any CPU.ActiveCfg = Release|Any CPU
		{7EC0C6A8-B23A-4580-8C02-2077475DF201}.Release|Any CPU.Build.0 = Release|Any CPU
		{8CF815D3-23FE-4F7B-AF5C-EE346B34DFD2}.Debug|Any CPU.ActiveCfg = Debug|Any CPU
		{8CF815D3-23FE-4F7B-AF5C-EE346B34DFD2}.Debug|Any CPU.Build.0 = Debug|Any CPU
		{8CF815D3-23FE-4F7B-AF5C-EE346B34DFD2}.Release|Any CPU.ActiveCfg = Release|Any CPU
		{8CF815D3-23FE-4F7B-AF5C-EE346B34DFD2}.Release|Any CPU.Build.0 = Release|Any CPU
	EndGlobalSection
	GlobalSection(SolutionProperties) = preSolution
		HideSolutionNode = FALSE
	EndGlobalSection
	GlobalSection(ExtensibilityGlobals) = postSolution
		SolutionGuid = {76EA7382-DDFB-4A8C-933B-D8E86447D49F}
	EndGlobalSection
EndGlobal
